
Microsoft Visual Studio Solution File, Format Version 12.00
# Visual Studio Version 17
VisualStudioVersion = 17.11.35303.130
MinimumVisualStudioVersion = 10.0.40219.1
Project("{FAE04EC0-301F-11D3-BF4B-00C04F79EFBC}") = "contact-web-core-6", "contact-web-core-6\contact-web-core-6.csproj", "{2DF8B0E8-E2EB-4A27-A9DA-5BBCDE079B9E}"
EndProject
Global
	GlobalSection(SolutionConfigurationPlatforms) = preSolution
		Debug|Any CPU = Debug|Any CPU
		Release|Any CPU = Release|Any CPU
	EndGlobalSection
	GlobalSection(ProjectConfigurationPlatforms) = postSolution
		{2DF8B0E8-E2EB-4A27-A9DA-5BBCDE079B9E}.Debug|Any CPU.ActiveCfg = Debug|Any CPU
		{2DF8B0E8-E2EB-4A27-A9DA-5BBCDE079B9E}.Debug|Any CPU.Build.0 = Debug|Any CPU
		{2DF8B0E8-E2EB-4A27-A9DA-5BBCDE079B9E}.Release|Any CPU.ActiveCfg = Release|Any CPU
		{2DF8B0E8-E2EB-4A27-A9DA-5BBCDE079B9E}.Release|Any CPU.Build.0 = Release|Any CPU
	EndGlobalSection
	GlobalSection(SolutionProperties) = preSolution
		HideSolutionNode = FALSE
	EndGlobalSection
	GlobalSection(ExtensibilityGlobals) = postSolution
		SolutionGuid = {B1ACB3D7-C109-4D5A-A434-EAD3B4C43E9E}
	EndGlobalSection
EndGlobal
